
Microsoft Visual Studio Solution File, Format Version 12.00
Project("{FAE04EC0-301F-11D3-BF4B-00C04F79EFBC}") = "ClientServerShared", "..\..\ClientServerShared.csproj", "{36198CF2-F065-75EE-993E-5A609E25866C}"
EndProject
Project("{FAE04EC0-301F-11D3-BF4B-00C04F79EFBC}") = "ZergRush.CodeGen", "..\..\ZergRush.CodeGen.csproj", "{DAF4324E-6310-A164-27B9-BDEE155C4DED}"
EndProject
Project("{FAE04EC0-301F-11D3-BF4B-00C04F79EFBC}") = "ZergRush.Utils", "..\..\ZergRush.Utils.csproj", "{306605B7-C722-97F9-4688-8FD466DCD478}"
EndProject
Project("{FAE04EC0-301F-11D3-BF4B-00C04F79EFBC}") = "ZergRush.Reactive", "..\..\ZergRush.Reactive.csproj", "{4927C835-FD03-D34D-3A97-626A537C0CA5}"
EndProject
Project("{FAE04EC0-301F-11D3-BF4B-00C04F79EFBC}") = "AGameServer", "AGameServer\AGameServer.csproj", "{1779C293-C874-4540-BA35-E2D388BAC867}"
EndProject
Project("{FAE04EC0-301F-11D3-BF4B-00C04F79EFBC}") = "TestGameServer", "TestGameServer\TestGameServer.csproj", "{72819027-7F1E-4320-96BD-DF8F773AC00C}"
EndProject
Global
	GlobalSection(SolutionConfigurationPlatforms) = preSolution
		Debug|Any CPU = Debug|Any CPU
		Release|Any CPU = Release|Any CPU
	EndGlobalSection
	GlobalSection(ProjectConfigurationPlatforms) = postSolution
		{36198CF2-F065-75EE-993E-5A609E25866C}.Debug|Any CPU.ActiveCfg = Debug|Any CPU
		{36198CF2-F065-75EE-993E-5A609E25866C}.Debug|Any CPU.Build.0 = Debug|Any CPU
		{36198CF2-F065-75EE-993E-5A609E25866C}.Release|Any CPU.ActiveCfg = Release|Any CPU
		{36198CF2-F065-75EE-993E-5A609E25866C}.Release|Any CPU.Build.0 = Release|Any CPU
		{DAF4324E-6310-A164-27B9-BDEE155C4DED}.Debug|Any CPU.ActiveCfg = Debug|Any CPU
		{DAF4324E-6310-A164-27B9-BDEE155C4DED}.Debug|Any CPU.Build.0 = Debug|Any CPU
		{DAF4324E-6310-A164-27B9-BDEE155C4DED}.Release|Any CPU.ActiveCfg = Release|Any CPU
		{DAF4324E-6310-A164-27B9-BDEE155C4DED}.Release|Any CPU.Build.0 = Release|Any CPU
		{306605B7-C722-97F9-4688-8FD466DCD478}.Debug|Any CPU.ActiveCfg = Debug|Any CPU
		{306605B7-C722-97F9-4688-8FD466DCD478}.Debug|Any CPU.Build.0 = Debug|Any CPU
		{306605B7-C722-97F9-4688-8FD466DCD478}.Release|Any CPU.ActiveCfg = Release|Any CPU
		{306605B7-C722-97F9-4688-8FD466DCD478}.Release|Any CPU.Build.0 = Release|Any CPU
		{4927C835-FD03-D34D-3A97-626A537C0CA5}.Debug|Any CPU.ActiveCfg = Debug|Any CPU
		{4927C835-FD03-D34D-3A97-626A537C0CA5}.Debug|Any CPU.Build.0 = Debug|Any CPU
		{4927C835-FD03-D34D-3A97-626A537C0CA5}.Release|Any CPU.ActiveCfg = Release|Any CPU
		{4927C835-FD03-D34D-3A97-626A537C0CA5}.Release|Any CPU.Build.0 = Release|Any CPU
		{1779C293-C874-4540-BA35-E2D388BAC867}.Debug|Any CPU.ActiveCfg = Debug|Any CPU
		{1779C293-C874-4540-BA35-E2D388BAC867}.Debug|Any CPU.Build.0 = Debug|Any CPU
		{1779C293-C874-4540-BA35-E2D388BAC867}.Release|Any CPU.ActiveCfg = Release|Any CPU
		{1779C293-C874-4540-BA35-E2D388BAC867}.Release|Any CPU.Build.0 = Release|Any CPU
		{72819027-7F1E-4320-96BD-DF8F773AC00C}.Debug|Any CPU.ActiveCfg = Debug|Any CPU
		{72819027-7F1E-4320-96BD-DF8F773AC00C}.Debug|Any CPU.Build.0 = Debug|Any CPU
		{72819027-7F1E-4320-96BD-DF8F773AC00C}.Release|Any CPU.ActiveCfg = Release|Any CPU
		{72819027-7F1E-4320-96BD-DF8F773AC00C}.Release|Any CPU.Build.0 = Release|Any CPU
	EndGlobalSection
EndGlobal
